
Microsoft Visual Studio Solution File, Format Version 12.00
# Visual Studio Version 17
VisualStudioVersion = 17.6.33815.320
MinimumVisualStudioVersion = 10.0.40219.1
Project("{FAE04EC0-301F-11D3-BF4B-00C04F79EFBC}") = "ForWatnModelExam", "ForWatnModelExam.csproj", "{3797A994-54EB-4C69-BB7B-F979C8851199}"
EndProject
Global
	GlobalSection(SolutionConfigurationPlatforms) = preSolution
		Debug|Any CPU = Debug|Any CPU
		Release|Any CPU = Release|Any CPU
	EndGlobalSection
	GlobalSection(ProjectConfigurationPlatforms) = postSolution
		{3797A994-54EB-4C69-BB7B-F979C8851199}.Debug|Any CPU.ActiveCfg = Debug|Any CPU
		{3797A994-54EB-4C69-BB7B-F979C8851199}.Debug|Any CPU.Build.0 = Debug|Any CPU
		{3797A994-54EB-4C69-BB7B-F979C8851199}.Release|Any CPU.ActiveCfg = Release|Any CPU
		{3797A994-54EB-4C69-BB7B-F979C8851199}.Release|Any CPU.Build.0 = Release|Any CPU
	EndGlobalSection
	GlobalSection(SolutionProperties) = preSolution
		HideSolutionNode = FALSE
	EndGlobalSection
	GlobalSection(ExtensibilityGlobals) = postSolution
		SolutionGuid = {FC4F2360-CBE9-4E2C-9399-291756FDFBCE}
	EndGlobalSection
EndGlobal
